
Microsoft Visual Studio Solution File, Format Version 12.00
# Visual Studio Version 17
VisualStudioVersion = 17.13.35931.197
MinimumVisualStudioVersion = 10.0.40219.1
Project("{9A19103F-16F7-4668-BE54-9A1E7A4F7556}") = "ReservationService", "ReservationService\ReservationService.csproj", "{658B5989-CE93-4DCB-9333-273B496A1DBF}"
EndProject
Project("{9A19103F-16F7-4668-BE54-9A1E7A4F7556}") = "PaymentService", "PaymentService\PaymentService.csproj", "{67892F8D-9FCD-4CAF-8D74-4D419B39BBB8}"
EndProject
Project("{2150E333-8FDC-42A3-9474-1A3956D46DE8}") = "Solution Items", "Solution Items", "{8EC462FD-D22E-90A8-E5CE-7E832BA40C5D}"
	ProjectSection(SolutionItems) = preProject
		docker-compose.yml = docker-compose.yml
	EndProjectSection
EndProject
Project("{FAE04EC0-301F-11D3-BF4B-00C04F79EFBC}") = "ReservationCache", "ReservationCache\ReservationCache.csproj", "{B0E02F4C-FC9D-4097-8E89-D51FA0A614C8}"
EndProject
Global
	GlobalSection(SolutionConfigurationPlatforms) = preSolution
		Debug|Any CPU = Debug|Any CPU
		Release|Any CPU = Release|Any CPU
	EndGlobalSection
	GlobalSection(ProjectConfigurationPlatforms) = postSolution
		{658B5989-CE93-4DCB-9333-273B496A1DBF}.Debug|Any CPU.ActiveCfg = Debug|Any CPU
		{658B5989-CE93-4DCB-9333-273B496A1DBF}.Debug|Any CPU.Build.0 = Debug|Any CPU
		{658B5989-CE93-4DCB-9333-273B496A1DBF}.Release|Any CPU.ActiveCfg = Release|Any CPU
		{658B5989-CE93-4DCB-9333-273B496A1DBF}.Release|Any CPU.Build.0 = Release|Any CPU
		{67892F8D-9FCD-4CAF-8D74-4D419B39BBB8}.Debug|Any CPU.ActiveCfg = Debug|Any CPU
		{67892F8D-9FCD-4CAF-8D74-4D419B39BBB8}.Debug|Any CPU.Build.0 = Debug|Any CPU
		{67892F8D-9FCD-4CAF-8D74-4D419B39BBB8}.Release|Any CPU.ActiveCfg = Release|Any CPU
		{67892F8D-9FCD-4CAF-8D74-4D419B39BBB8}.Release|Any CPU.Build.0 = Release|Any CPU
		{B0E02F4C-FC9D-4097-8E89-D51FA0A614C8}.Debug|Any CPU.ActiveCfg = Debug|Any CPU
		{B0E02F4C-FC9D-4097-8E89-D51FA0A614C8}.Debug|Any CPU.Build.0 = Debug|Any CPU
		{B0E02F4C-FC9D-4097-8E89-D51FA0A614C8}.Release|Any CPU.ActiveCfg = Release|Any CPU
		{B0E02F4C-FC9D-4097-8E89-D51FA0A614C8}.Release|Any CPU.Build.0 = Release|Any CPU
	EndGlobalSection
	GlobalSection(SolutionProperties) = preSolution
		HideSolutionNode = FALSE
	EndGlobalSection
	GlobalSection(ExtensibilityGlobals) = postSolution
		SolutionGuid = {5928E96F-812E-4ED4-A4E0-0232AACB072B}
	EndGlobalSection
EndGlobal
